
Microsoft Visual Studio Solution File, Format Version 12.00
# Visual Studio Version 17
VisualStudioVersion = 17.6.33829.357
MinimumVisualStudioVersion = 10.0.40219.1
Project("{FAE04EC0-301F-11D3-BF4B-00C04F79EFBC}") = "coreFormsAndValidations", "coreFormsAndValidations.csproj", "{7BA6CB05-3FAB-435F-84EC-B4FB7A876DE4}"
EndProject
Global
	GlobalSection(SolutionConfigurationPlatforms) = preSolution
		Debug|Any CPU = Debug|Any CPU
		Release|Any CPU = Release|Any CPU
	EndGlobalSection
	GlobalSection(ProjectConfigurationPlatforms) = postSolution
		{7BA6CB05-3FAB-435F-84EC-B4FB7A876DE4}.Debug|Any CPU.ActiveCfg = Debug|Any CPU
		{7BA6CB05-3FAB-435F-84EC-B4FB7A876DE4}.Debug|Any CPU.Build.0 = Debug|Any CPU
		{7BA6CB05-3FAB-435F-84EC-B4FB7A876DE4}.Release|Any CPU.ActiveCfg = Release|Any CPU
		{7BA6CB05-3FAB-435F-84EC-B4FB7A876DE4}.Release|Any CPU.Build.0 = Release|Any CPU
	EndGlobalSection
	GlobalSection(SolutionProperties) = preSolution
		HideSolutionNode = FALSE
	EndGlobalSection
	GlobalSection(ExtensibilityGlobals) = postSolution
		SolutionGuid = {724B44E0-B88B-4A70-A8B8-B0F9FFC211EF}
	EndGlobalSection
EndGlobal
